
Microsoft Visual Studio Solution File, Format Version 12.00
# Visual Studio Version 16
VisualStudioVersion = 16.0.30907.101
MinimumVisualStudioVersion = 10.0.40219.1
Project("{FAE04EC0-301F-11D3-BF4B-00C04F79EFBC}") = "ExchangeRatesAPI", "ExchangeRatesAPI\ExchangeRatesAPI.csproj", "{3164FF9D-7297-4E00-9C93-E84C2C8453B1}"
EndProject
Global
	GlobalSection(SolutionConfigurationPlatforms) = preSolution
		Debug|Any CPU = Debug|Any CPU
		Release|Any CPU = Release|Any CPU
	EndGlobalSection
	GlobalSection(ProjectConfigurationPlatforms) = postSolution
		{3164FF9D-7297-4E00-9C93-E84C2C8453B1}.Debug|Any CPU.ActiveCfg = Debug|Any CPU
		{3164FF9D-7297-4E00-9C93-E84C2C8453B1}.Debug|Any CPU.Build.0 = Debug|Any CPU
		{3164FF9D-7297-4E00-9C93-E84C2C8453B1}.Release|Any CPU.ActiveCfg = Release|Any CPU
		{3164FF9D-7297-4E00-9C93-E84C2C8453B1}.Release|Any CPU.Build.0 = Release|Any CPU
	EndGlobalSection
	GlobalSection(SolutionProperties) = preSolution
		HideSolutionNode = FALSE
	EndGlobalSection
	GlobalSection(ExtensibilityGlobals) = postSolution
		SolutionGuid = {361C4369-85E3-4647-87A2-B4DA9CF5DF65}
	EndGlobalSection
EndGlobal
